
Microsoft Visual Studio Solution File, Format Version 12.00
# Visual Studio Version 17
VisualStudioVersion = 17.7.34031.279
MinimumVisualStudioVersion = 10.0.40219.1
Project("{9A19103F-16F7-4668-BE54-9A1E7A4F7556}") = "AnimalClinic", "AnimalClinic.csproj", "{0BA49151-38CD-4F26-B065-3ECE565EB2F3}"
EndProject
Global
	GlobalSection(SolutionConfigurationPlatforms) = preSolution
		Debug|Any CPU = Debug|Any CPU
		Release|Any CPU = Release|Any CPU
	EndGlobalSection
	GlobalSection(ProjectConfigurationPlatforms) = postSolution
		{0BA49151-38CD-4F26-B065-3ECE565EB2F3}.Debug|Any CPU.ActiveCfg = Debug|Any CPU
		{0BA49151-38CD-4F26-B065-3ECE565EB2F3}.Debug|Any CPU.Build.0 = Debug|Any CPU
		{0BA49151-38CD-4F26-B065-3ECE565EB2F3}.Release|Any CPU.ActiveCfg = Debug|Any CPU
		{0BA49151-38CD-4F26-B065-3ECE565EB2F3}.Release|Any CPU.Build.0 = Debug|Any CPU
	EndGlobalSection
	GlobalSection(SolutionProperties) = preSolution
		HideSolutionNode = FALSE
	EndGlobalSection
	GlobalSection(ExtensibilityGlobals) = postSolution
		SolutionGuid = {4677896B-B312-4D53-B02B-515C2087F1E1}
	EndGlobalSection
EndGlobal
